
Microsoft Visual Studio Solution File, Format Version 12.00
# Visual Studio Version 17
VisualStudioVersion = 17.2.32526.322
MinimumVisualStudioVersion = 10.0.40219.1
Project("{FAE04EC0-301F-11D3-BF4B-00C04F79EFBC}") = "ProyectoFinalExam", "ProyectoFinalExam\ProyectoFinalExam.csproj", "{248F8415-DE15-472B-8A55-EAD9BA1624EA}"
EndProject
Global
	GlobalSection(SolutionConfigurationPlatforms) = preSolution
		Debug|Any CPU = Debug|Any CPU
		Release|Any CPU = Release|Any CPU
	EndGlobalSection
	GlobalSection(ProjectConfigurationPlatforms) = postSolution
		{248F8415-DE15-472B-8A55-EAD9BA1624EA}.Debug|Any CPU.ActiveCfg = Debug|Any CPU
		{248F8415-DE15-472B-8A55-EAD9BA1624EA}.Debug|Any CPU.Build.0 = Debug|Any CPU
		{248F8415-DE15-472B-8A55-EAD9BA1624EA}.Release|Any CPU.ActiveCfg = Release|Any CPU
		{248F8415-DE15-472B-8A55-EAD9BA1624EA}.Release|Any CPU.Build.0 = Release|Any CPU
	EndGlobalSection
	GlobalSection(SolutionProperties) = preSolution
		HideSolutionNode = FALSE
	EndGlobalSection
	GlobalSection(ExtensibilityGlobals) = postSolution
		SolutionGuid = {FA467926-E443-482D-8326-62B218E86363}
	EndGlobalSection
EndGlobal
